
Microsoft Visual Studio Solution File, Format Version 12.00
# Visual Studio 15
VisualStudioVersion = 15.0.28307.902
MinimumVisualStudioVersion = 10.0.40219.1
Project("{FAE04EC0-301F-11D3-BF4B-00C04F79EFBC}") = "MundoLibros.Android", "MundoLibros\MundoLibros.Android\MundoLibros.Android.csproj", "{A63F0661-0297-4EB4-8C99-9BA6BA4D858E}"
EndProject
Project("{FAE04EC0-301F-11D3-BF4B-00C04F79EFBC}") = "MundoLibros", "MundoLibros\MundoLibros\MundoLibros.csproj", "{FEF7E4F9-94FB-48CF-A281-91DD7D4B06DE}"
EndProject
Global
	GlobalSection(SolutionConfigurationPlatforms) = preSolution
		Debug|Any CPU = Debug|Any CPU
		Release|Any CPU = Release|Any CPU
	EndGlobalSection
	GlobalSection(ProjectConfigurationPlatforms) = postSolution
		{A63F0661-0297-4EB4-8C99-9BA6BA4D858E}.Debug|Any CPU.ActiveCfg = Debug|Any CPU
		{A63F0661-0297-4EB4-8C99-9BA6BA4D858E}.Debug|Any CPU.Build.0 = Debug|Any CPU
		{A63F0661-0297-4EB4-8C99-9BA6BA4D858E}.Debug|Any CPU.Deploy.0 = Debug|Any CPU
		{A63F0661-0297-4EB4-8C99-9BA6BA4D858E}.Release|Any CPU.ActiveCfg = Release|Any CPU
		{A63F0661-0297-4EB4-8C99-9BA6BA4D858E}.Release|Any CPU.Build.0 = Release|Any CPU
		{A63F0661-0297-4EB4-8C99-9BA6BA4D858E}.Release|Any CPU.Deploy.0 = Release|Any CPU
		{FEF7E4F9-94FB-48CF-A281-91DD7D4B06DE}.Debug|Any CPU.ActiveCfg = Debug|Any CPU
		{FEF7E4F9-94FB-48CF-A281-91DD7D4B06DE}.Debug|Any CPU.Build.0 = Debug|Any CPU
		{FEF7E4F9-94FB-48CF-A281-91DD7D4B06DE}.Debug|Any CPU.Deploy.0 = Debug|Any CPU
		{FEF7E4F9-94FB-48CF-A281-91DD7D4B06DE}.Release|Any CPU.ActiveCfg = Release|Any CPU
		{FEF7E4F9-94FB-48CF-A281-91DD7D4B06DE}.Release|Any CPU.Build.0 = Release|Any CPU
		{FEF7E4F9-94FB-48CF-A281-91DD7D4B06DE}.Release|Any CPU.Deploy.0 = Release|Any CPU
	EndGlobalSection
	GlobalSection(SolutionProperties) = preSolution
		HideSolutionNode = FALSE
	EndGlobalSection
	GlobalSection(ExtensibilityGlobals) = postSolution
		SolutionGuid = {7E273F0B-E67E-4467-BE07-54A86CEB29F5}
	EndGlobalSection
EndGlobal
